
Microsoft Visual Studio Solution File, Format Version 12.00
# Visual Studio Version 17
VisualStudioVersion = 17.14.0.0
MinimumVisualStudioVersion = 10.0.40219.1
Project("{2150E333-8FDC-42A3-9474-1A3956D46DE8}") = "AI", "AI", "{FC5F2221-118D-4DDD-95F7-96DD0E5B2BAE}"
EndProject
Project("{2150E333-8FDC-42A3-9474-1A3956D46DE8}") = "Data", "Data", "{9D8FFE97-7CE0-4272-983A-1479D4A724DB}"
EndProject
Project("{2150E333-8FDC-42A3-9474-1A3956D46DE8}") = "Tools", "Tools", "{4342F978-CE01-4D71-B21C-636ED7E48C56}"
EndProject
Project("{9A19103F-16F7-4668-BE54-9A1E7A4F7556}") = "AIL", "AI\AIL\AIL.csproj", "{89D374D9-769C-45C6-A24A-6F3752645993}"
EndProject
Project("{9A19103F-16F7-4668-BE54-9A1E7A4F7556}") = "IAConnectors", "AI\IAConnectors\IAConnectors.csproj", "{836ED4CF-6FD5-4BD2-B0D5-A680BCC2CCAE}"
EndProject
Project("{9A19103F-16F7-4668-BE54-9A1E7A4F7556}") = "DAL", "Data\DAL\DAL.csproj", "{3FE4B44D-51CD-4BE2-8C5D-ACB475C1918C}"
EndProject
Project("{9A19103F-16F7-4668-BE54-9A1E7A4F7556}") = "DAO", "Data\DAO\DAO.csproj", "{F2FC227E-DEE1-4E87-BFEB-F2C08DABBE6D}"
EndProject
Project("{9A19103F-16F7-4668-BE54-9A1E7A4F7556}") = "Common", "Tools\Common\Common.csproj", "{03FBA599-831A-46F1-97CF-5EF9CD3A7AC8}"
EndProject
Project("{9A19103F-16F7-4668-BE54-9A1E7A4F7556}") = "BL", "BL\BL.csproj", "{E9521479-B1D3-460C-A6CE-4A0E4C30D7E8}"
EndProject
Project("{9A19103F-16F7-4668-BE54-9A1E7A4F7556}") = "DTOs", "DTOs\DTOs.csproj", "{53E7E72A-2F9C-47B9-B491-421356275B7E}"
EndProject
Project("{9A19103F-16F7-4668-BE54-9A1E7A4F7556}") = "Entities", "Entities\Entities.csproj", "{1E654DA7-CBFB-4A87-AE16-09BEC0441CE0}"
EndProject
Project("{9A19103F-16F7-4668-BE54-9A1E7A4F7556}") = "LoggerService", "LoggerService\LoggerService.csproj", "{F5772B0F-3C1A-4672-9E69-8AB68A311142}"
EndProject
Project("{9A19103F-16F7-4668-BE54-9A1E7A4F7556}") = "NotificationService", "NotificationService\NotificationService.csproj", "{63C0256B-E2F2-4B68-A602-C992C529CC8C}"
EndProject
Project("{9A19103F-16F7-4668-BE54-9A1E7A4F7556}") = "OperationStorage", "OperationStorage\OperationStorage.csproj", "{1E5A0B35-2F67-48E3-8188-5FFEB1BDBA65}"
EndProject
Project("{9A19103F-16F7-4668-BE54-9A1E7A4F7556}") = "TuniPlan", "TuniPlan\TuniPlan.csproj", "{E4B62630-4455-49E5-AADB-0929842BB8A0}"
EndProject
Project("{9A19103F-16F7-4668-BE54-9A1E7A4F7556}") = "Tests.Unit", "Tests.Unit\Tests.Unit.csproj", "{EBAFEC7B-6D73-43AE-B77A-FCBA1CFFCCC7}"
EndProject
Global
	GlobalSection(SolutionConfigurationPlatforms) = preSolution
		Debug|Any CPU = Debug|Any CPU
		Release|Any CPU = Release|Any CPU
	EndGlobalSection
	GlobalSection(ProjectConfigurationPlatforms) = postSolution
		{89D374D9-769C-45C6-A24A-6F3752645993}.Debug|Any CPU.ActiveCfg = Debug|Any CPU
		{89D374D9-769C-45C6-A24A-6F3752645993}.Debug|Any CPU.Build.0 = Debug|Any CPU
		{89D374D9-769C-45C6-A24A-6F3752645993}.Release|Any CPU.ActiveCfg = Release|Any CPU
		{89D374D9-769C-45C6-A24A-6F3752645993}.Release|Any CPU.Build.0 = Release|Any CPU
		{836ED4CF-6FD5-4BD2-B0D5-A680BCC2CCAE}.Debug|Any CPU.ActiveCfg = Debug|Any CPU
		{836ED4CF-6FD5-4BD2-B0D5-A680BCC2CCAE}.Debug|Any CPU.Build.0 = Debug|Any CPU
		{836ED4CF-6FD5-4BD2-B0D5-A680BCC2CCAE}.Release|Any CPU.ActiveCfg = Release|Any CPU
		{836ED4CF-6FD5-4BD2-B0D5-A680BCC2CCAE}.Release|Any CPU.Build.0 = Release|Any CPU
		{3FE4B44D-51CD-4BE2-8C5D-ACB475C1918C}.Debug|Any CPU.ActiveCfg = Debug|Any CPU
		{3FE4B44D-51CD-4BE2-8C5D-ACB475C1918C}.Debug|Any CPU.Build.0 = Debug|Any CPU
		{3FE4B44D-51CD-4BE2-8C5D-ACB475C1918C}.Release|Any CPU.ActiveCfg = Release|Any CPU
		{3FE4B44D-51CD-4BE2-8C5D-ACB475C1918C}.Release|Any CPU.Build.0 = Release|Any CPU
		{F2FC227E-DEE1-4E87-BFEB-F2C08DABBE6D}.Debug|Any CPU.ActiveCfg = Debug|Any CPU
		{F2FC227E-DEE1-4E87-BFEB-F2C08DABBE6D}.Debug|Any CPU.Build.0 = Debug|Any CPU
		{F2FC227E-DEE1-4E87-BFEB-F2C08DABBE6D}.Release|Any CPU.ActiveCfg = Release|Any CPU
		{F2FC227E-DEE1-4E87-BFEB-F2C08DABBE6D}.Release|Any CPU.Build.0 = Release|Any CPU
		{03FBA599-831A-46F1-97CF-5EF9CD3A7AC8}.Debug|Any CPU.ActiveCfg = Debug|Any CPU
		{03FBA599-831A-46F1-97CF-5EF9CD3A7AC8}.Debug|Any CPU.Build.0 = Debug|Any CPU
		{03FBA599-831A-46F1-97CF-5EF9CD3A7AC8}.Release|Any CPU.ActiveCfg = Release|Any CPU
		{03FBA599-831A-46F1-97CF-5EF9CD3A7AC8}.Release|Any CPU.Build.0 = Release|Any CPU
		{E9521479-B1D3-460C-A6CE-4A0E4C30D7E8}.Debug|Any CPU.ActiveCfg = Debug|Any CPU
		{E9521479-B1D3-460C-A6CE-4A0E4C30D7E8}.Debug|Any CPU.Build.0 = Debug|Any CPU
		{E9521479-B1D3-460C-A6CE-4A0E4C30D7E8}.Release|Any CPU.ActiveCfg = Release|Any CPU
		{E9521479-B1D3-460C-A6CE-4A0E4C30D7E8}.Release|Any CPU.Build.0 = Release|Any CPU
		{53E7E72A-2F9C-47B9-B491-421356275B7E}.Debug|Any CPU.ActiveCfg = Debug|Any CPU
		{53E7E72A-2F9C-47B9-B491-421356275B7E}.Debug|Any CPU.Build.0 = Debug|Any CPU
		{53E7E72A-2F9C-47B9-B491-421356275B7E}.Release|Any CPU.ActiveCfg = Release|Any CPU
		{53E7E72A-2F9C-47B9-B491-421356275B7E}.Release|Any CPU.Build.0 = Release|Any CPU
		{1E654DA7-CBFB-4A87-AE16-09BEC0441CE0}.Debug|Any CPU.ActiveCfg = Debug|Any CPU
		{1E654DA7-CBFB-4A87-AE16-09BEC0441CE0}.Debug|Any CPU.Build.0 = Debug|Any CPU
		{1E654DA7-CBFB-4A87-AE16-09BEC0441CE0}.Release|Any CPU.ActiveCfg = Release|Any CPU
		{1E654DA7-CBFB-4A87-AE16-09BEC0441CE0}.Release|Any CPU.Build.0 = Release|Any CPU
		{F5772B0F-3C1A-4672-9E69-8AB68A311142}.Debug|Any CPU.ActiveCfg = Debug|Any CPU
		{F5772B0F-3C1A-4672-9E69-8AB68A311142}.Debug|Any CPU.Build.0 = Debug|Any CPU
		{F5772B0F-3C1A-4672-9E69-8AB68A311142}.Release|Any CPU.ActiveCfg = Release|Any CPU
		{F5772B0F-3C1A-4672-9E69-8AB68A311142}.Release|Any CPU.Build.0 = Release|Any CPU
		{63C0256B-E2F2-4B68-A602-C992C529CC8C}.Debug|Any CPU.ActiveCfg = Debug|Any CPU
		{63C0256B-E2F2-4B68-A602-C992C529CC8C}.Debug|Any CPU.Build.0 = Debug|Any CPU
		{63C0256B-E2F2-4B68-A602-C992C529CC8C}.Release|Any CPU.ActiveCfg = Release|Any CPU
		{63C0256B-E2F2-4B68-A602-C992C529CC8C}.Release|Any CPU.Build.0 = Release|Any CPU
		{1E5A0B35-2F67-48E3-8188-5FFEB1BDBA65}.Debug|Any CPU.ActiveCfg = Debug|Any CPU
		{1E5A0B35-2F67-48E3-8188-5FFEB1BDBA65}.Debug|Any CPU.Build.0 = Debug|Any CPU
		{1E5A0B35-2F67-48E3-8188-5FFEB1BDBA65}.Release|Any CPU.ActiveCfg = Release|Any CPU
		{1E5A0B35-2F67-48E3-8188-5FFEB1BDBA65}.Release|Any CPU.Build.0 = Release|Any CPU
		{E4B62630-4455-49E5-AADB-0929842BB8A0}.Debug|Any CPU.ActiveCfg = Debug|Any CPU
		{E4B62630-4455-49E5-AADB-0929842BB8A0}.Debug|Any CPU.Build.0 = Debug|Any CPU
		{E4B62630-4455-49E5-AADB-0929842BB8A0}.Release|Any CPU.ActiveCfg = Release|Any CPU
		{E4B62630-4455-49E5-AADB-0929842BB8A0}.Release|Any CPU.Build.0 = Release|Any CPU
		{EBAFEC7B-6D73-43AE-B77A-FCBA1CFFCCC7}.Debug|Any CPU.ActiveCfg = Debug|Any CPU
		{EBAFEC7B-6D73-43AE-B77A-FCBA1CFFCCC7}.Debug|Any CPU.Build.0 = Debug|Any CPU
		{EBAFEC7B-6D73-43AE-B77A-FCBA1CFFCCC7}.Release|Any CPU.ActiveCfg = Release|Any CPU
		{EBAFEC7B-6D73-43AE-B77A-FCBA1CFFCCC7}.Release|Any CPU.Build.0 = Release|Any CPU
	EndGlobalSection
	GlobalSection(SolutionProperties) = preSolution
		HideSolutionNode = FALSE
	EndGlobalSection
	GlobalSection(NestedProjects) = preSolution
		{89D374D9-769C-45C6-A24A-6F3752645993} = {FC5F2221-118D-4DDD-95F7-96DD0E5B2BAE}
		{836ED4CF-6FD5-4BD2-B0D5-A680BCC2CCAE} = {FC5F2221-118D-4DDD-95F7-96DD0E5B2BAE}
		{3FE4B44D-51CD-4BE2-8C5D-ACB475C1918C} = {9D8FFE97-7CE0-4272-983A-1479D4A724DB}
		{F2FC227E-DEE1-4E87-BFEB-F2C08DABBE6D} = {9D8FFE97-7CE0-4272-983A-1479D4A724DB}
		{03FBA599-831A-46F1-97CF-5EF9CD3A7AC8} = {4342F978-CE01-4D71-B21C-636ED7E48C56}
	EndGlobalSection
	GlobalSection(ExtensibilityGlobals) = postSolution
		SolutionGuid = {16CFA360-01F2-4718-BFF6-246FD2B355E2}
	EndGlobalSection
EndGlobal
